
Microsoft Visual Studio Solution File, Format Version 12.00
Project("{FAE04EC0-301F-11D3-BF4B-00C04F79EFBC}") = "Backend.Api", "Backend.Api\Backend.Api.csproj", "{CF56BA55-375D-4FA9-AA88-7B15FBC2D65F}"
EndProject
Global
	GlobalSection(SolutionConfigurationPlatforms) = preSolution
		Debug|Any CPU = Debug|Any CPU
		Release|Any CPU = Release|Any CPU
	EndGlobalSection
	GlobalSection(ProjectConfigurationPlatforms) = postSolution
		{CF56BA55-375D-4FA9-AA88-7B15FBC2D65F}.Debug|Any CPU.ActiveCfg = Debug|Any CPU
		{CF56BA55-375D-4FA9-AA88-7B15FBC2D65F}.Debug|Any CPU.Build.0 = Debug|Any CPU
		{CF56BA55-375D-4FA9-AA88-7B15FBC2D65F}.Release|Any CPU.ActiveCfg = Release|Any CPU
		{CF56BA55-375D-4FA9-AA88-7B15FBC2D65F}.Release|Any CPU.Build.0 = Release|Any CPU
	EndGlobalSection
EndGlobal
